github.com/huandu/facebook/v2 v2.5.5 h1:gdRIATd2KdoU8XztVG/rJzqQuYO66ESFx7TQtgF9muA=
github.com/huandu/facebook/v2 v2.5.5/go.mod h1:rqIu94SVVn2xO8++Dpq5ImTwYYh29X4ec18wcevdcOw=
github.com/mehanizm/airtable v0.2.6 h1:jQjmqSXC5rIESwH16rS5aUnGHnjZy17y09+xOGlVREo=
github.com/mehanizm/airtable v0.2.6/go.mod h1:VcLiruKmStKYMtX9o77Dq+GHpVuJzMa9wjJcHKdgQNs=
